PODS:
  - DQSegmentedControl (0.0.5)

DEPENDENCIES:
  - DQSegmentedControl

SPEC REPOS:
  https://github.com/cocoapods/specs.git:
    - DQSegmentedControl

SPEC CHECKSUMS:
  DQSegmentedControl: 963663f3a45a03305ebac88df6b4cdf61b40f72b

PODFILE CHECKSUM: 52764d9aff64ee21d44e3b974b2eec6b0b0c5e7a

COCOAPODS: 1.6.1
